
Microsoft Visual Studio Solution File, Format Version 12.00
# Visual Studio Version 17
VisualStudioVersion = 17.5.33424.131
MinimumVisualStudioVersion = 10.0.40219.1
Project("{2150E333-8FDC-42A3-9474-1A3956D46DE8}") = "StateMachine", "StateMachine", "{737BBA76-7380-48BD-820C-15A968742E05}"
EndProject
Project("{9A19103F-16F7-4668-BE54-9A1E7A4F7556}") = "StateMachine.Ioc", "StateMachine.Ioc\StateMachine.Ioc.csproj", "{388A13CF-26EB-4C77-A681-E19FEB7EDC27}"
EndProject
Project("{9A19103F-16F7-4668-BE54-9A1E7A4F7556}") = "Api", "Api\Api.csproj", "{348EEBF4-1872-43CF-B41A-2A39125D08C0}"
EndProject
Project("{2150E333-8FDC-42A3-9474-1A3956D46DE8}") = "Customer", "Customer", "{BD27985C-24B4-4232-B4C1-E11FBFE5F321}"
EndProject
Project("{9A19103F-16F7-4668-BE54-9A1E7A4F7556}") = "Customer.Application", "Customer.Application\Customer.Application.csproj", "{CED800A8-FA66-40C5-90AE-45E585827FB3}"
EndProject
Project("{9A19103F-16F7-4668-BE54-9A1E7A4F7556}") = "Customer.Infrastructure", "Customer.Infrastructure\Customer.Infrastructure.csproj", "{93299601-F0FE-40EC-AD1B-2EA778359551}"
EndProject
Project("{9A19103F-16F7-4668-BE54-9A1E7A4F7556}") = "Customer.Ioc", "Customer.Ioc\Customer.Ioc.csproj", "{EDDE3711-02CE-471F-AD47-AD0A8AFCCB9C}"
EndProject
Project("{2150E333-8FDC-42A3-9474-1A3956D46DE8}") = "Storage", "Storage", "{1DB2B5B3-DB11-4DC9-8104-7E7370BEECFF}"
EndProject
Project("{9A19103F-16F7-4668-BE54-9A1E7A4F7556}") = "Storage.Ioc", "Storage.Ioc\Storage.Ioc.csproj", "{5E9F8D94-EFDE-4CA8-B991-B168EEF01F8E}"
EndProject
Project("{9A19103F-16F7-4668-BE54-9A1E7A4F7556}") = "Storage.Application", "Storage.Application\Storage.Application.csproj", "{2024A02A-AC80-4E84-9D9D-55C4739AA47E}"
EndProject
Project("{9A19103F-16F7-4668-BE54-9A1E7A4F7556}") = "Storage.Infrastructure", "Storage.Infrastructure\Storage.Infrastructure.csproj", "{A129CEF5-CAA5-4022-AB77-EB4CE63E919F}"
EndProject
Project("{9A19103F-16F7-4668-BE54-9A1E7A4F7556}") = "Storage.Domain", "Storage.Domain\Storage.Domain.csproj", "{0B31DD07-2914-444B-9070-CB653BD9DB8F}"
EndProject
Project("{9A19103F-16F7-4668-BE54-9A1E7A4F7556}") = "Customer.Domain", "Customer.Domain\Customer.Domain.csproj", "{AE9343F5-A41F-465D-AC0B-E57E77C982A8}"
EndProject
Project("{2150E333-8FDC-42A3-9474-1A3956D46DE8}") = "CrossCut", "CrossCut", "{63713B29-AFB2-4F17-A6DB-77BC4C0DB84B}"
EndProject
Project("{9A19103F-16F7-4668-BE54-9A1E7A4F7556}") = "CrossCut", "CrossCut\CrossCut.csproj", "{0A3E0A30-99D8-44C8-B701-B482CAFC6FEC}"
EndProject
Project("{2150E333-8FDC-42A3-9474-1A3956D46DE8}") = "Receipt", "Receipt", "{03EE1C80-B17C-431A-B901-2A7328EA41D3}"
EndProject
Project("{9A19103F-16F7-4668-BE54-9A1E7A4F7556}") = "Receipt.Application", "Receipt.Application\Receipt.Application.csproj", "{97E67C69-0489-4096-BEEF-E5A97CF236A3}"
EndProject
Project("{9A19103F-16F7-4668-BE54-9A1E7A4F7556}") = "Receipt. Domain", "Receipt. Domain\Receipt. Domain.csproj", "{7332F584-20BA-4540-AD8B-11FE7ECA22A7}"
EndProject
Project("{9A19103F-16F7-4668-BE54-9A1E7A4F7556}") = "Receipt.Infrastructure", "Receipt.Infrastructure\Receipt.Infrastructure.csproj", "{91758809-86AC-4656-99FF-D92A7C644C98}"
EndProject
Project("{9A19103F-16F7-4668-BE54-9A1E7A4F7556}") = "Receipt.Ioc", "Receipt.Ioc\Receipt.Ioc.csproj", "{AAE0EBFC-94A6-47A2-A7E0-D75A2A52713A}"
EndProject
Project("{2150E333-8FDC-42A3-9474-1A3956D46DE8}") = "Payment", "Payment", "{44CD8F45-BD64-4C8C-A303-3832D78EF219}"
EndProject
Project("{9A19103F-16F7-4668-BE54-9A1E7A4F7556}") = "Payment.Application", "Payment.Application\Payment.Application.csproj", "{05D9A095-BA34-48AF-8BAD-557201FAB8BF}"
EndProject
Project("{9A19103F-16F7-4668-BE54-9A1E7A4F7556}") = "Payment.Domain", "Payment.Domain\Payment.Domain.csproj", "{5F50E012-D1CE-4A12-A07F-34E350AB157F}"
EndProject
Project("{9A19103F-16F7-4668-BE54-9A1E7A4F7556}") = "Payment.Infrastructure", "Payment.Infrastructure\Payment.Infrastructure.csproj", "{BCDA03EC-0B3F-4523-9B54-7BCD0266528E}"
EndProject
Project("{9A19103F-16F7-4668-BE54-9A1E7A4F7556}") = "Payment.Ioc", "Payment.Ioc\Payment.Ioc.csproj", "{A18513B5-EE48-40B4-B940-BDF11324D133}"
EndProject
Project("{2150E333-8FDC-42A3-9474-1A3956D46DE8}") = "StateMachineDublicate", "StateMachineDublicate", "{5BBE42E1-6796-45D4-A066-1A6ED81BE1A9}"
EndProject
Project("{FAE04EC0-301F-11D3-BF4B-00C04F79EFBC}") = "StateMachineDublicate.Ioc", "StateMachineDublicate.Ioc\StateMachineDublicate.Ioc.csproj", "{2C528904-9425-4764-8987-34769E99CBC8}"
EndProject
Global
	GlobalSection(SolutionConfigurationPlatforms) = preSolution
		Debug|Any CPU = Debug|Any CPU
		Release|Any CPU = Release|Any CPU
	EndGlobalSection
	GlobalSection(ProjectConfigurationPlatforms) = postSolution
		{388A13CF-26EB-4C77-A681-E19FEB7EDC27}.Debug|Any CPU.ActiveCfg = Debug|Any CPU
		{388A13CF-26EB-4C77-A681-E19FEB7EDC27}.Debug|Any CPU.Build.0 = Debug|Any CPU
		{388A13CF-26EB-4C77-A681-E19FEB7EDC27}.Release|Any CPU.ActiveCfg = Release|Any CPU
		{388A13CF-26EB-4C77-A681-E19FEB7EDC27}.Release|Any CPU.Build.0 = Release|Any CPU
		{348EEBF4-1872-43CF-B41A-2A39125D08C0}.Debug|Any CPU.ActiveCfg = Debug|Any CPU
		{348EEBF4-1872-43CF-B41A-2A39125D08C0}.Debug|Any CPU.Build.0 = Debug|Any CPU
		{348EEBF4-1872-43CF-B41A-2A39125D08C0}.Release|Any CPU.ActiveCfg = Release|Any CPU
		{348EEBF4-1872-43CF-B41A-2A39125D08C0}.Release|Any CPU.Build.0 = Release|Any CPU
		{CED800A8-FA66-40C5-90AE-45E585827FB3}.Debug|Any CPU.ActiveCfg = Debug|Any CPU
		{CED800A8-FA66-40C5-90AE-45E585827FB3}.Debug|Any CPU.Build.0 = Debug|Any CPU
		{CED800A8-FA66-40C5-90AE-45E585827FB3}.Release|Any CPU.ActiveCfg = Release|Any CPU
		{CED800A8-FA66-40C5-90AE-45E585827FB3}.Release|Any CPU.Build.0 = Release|Any CPU
		{93299601-F0FE-40EC-AD1B-2EA778359551}.Debug|Any CPU.ActiveCfg = Debug|Any CPU
		{93299601-F0FE-40EC-AD1B-2EA778359551}.Debug|Any CPU.Build.0 = Debug|Any CPU
		{93299601-F0FE-40EC-AD1B-2EA778359551}.Release|Any CPU.ActiveCfg = Release|Any CPU
		{93299601-F0FE-40EC-AD1B-2EA778359551}.Release|Any CPU.Build.0 = Release|Any CPU
		{EDDE3711-02CE-471F-AD47-AD0A8AFCCB9C}.Debug|Any CPU.ActiveCfg = Debug|Any CPU
		{EDDE3711-02CE-471F-AD47-AD0A8AFCCB9C}.Debug|Any CPU.Build.0 = Debug|Any CPU
		{EDDE3711-02CE-471F-AD47-AD0A8AFCCB9C}.Release|Any CPU.ActiveCfg = Release|Any CPU
		{EDDE3711-02CE-471F-AD47-AD0A8AFCCB9C}.Release|Any CPU.Build.0 = Release|Any CPU
		{5E9F8D94-EFDE-4CA8-B991-B168EEF01F8E}.Debug|Any CPU.ActiveCfg = Debug|Any CPU
		{5E9F8D94-EFDE-4CA8-B991-B168EEF01F8E}.Debug|Any CPU.Build.0 = Debug|Any CPU
		{5E9F8D94-EFDE-4CA8-B991-B168EEF01F8E}.Release|Any CPU.ActiveCfg = Release|Any CPU
		{5E9F8D94-EFDE-4CA8-B991-B168EEF01F8E}.Release|Any CPU.Build.0 = Release|Any CPU
		{2024A02A-AC80-4E84-9D9D-55C4739AA47E}.Debug|Any CPU.ActiveCfg = Debug|Any CPU
		{2024A02A-AC80-4E84-9D9D-55C4739AA47E}.Debug|Any CPU.Build.0 = Debug|Any CPU
		{2024A02A-AC80-4E84-9D9D-55C4739AA47E}.Release|Any CPU.ActiveCfg = Release|Any CPU
		{2024A02A-AC80-4E84-9D9D-55C4739AA47E}.Release|Any CPU.Build.0 = Release|Any CPU
		{A129CEF5-CAA5-4022-AB77-EB4CE63E919F}.Debug|Any CPU.ActiveCfg = Debug|Any CPU
		{A129CEF5-CAA5-4022-AB77-EB4CE63E919F}.Debug|Any CPU.Build.0 = Debug|Any CPU
		{A129CEF5-CAA5-4022-AB77-EB4CE63E919F}.Release|Any CPU.ActiveCfg = Release|Any CPU
		{A129CEF5-CAA5-4022-AB77-EB4CE63E919F}.Release|Any CPU.Build.0 = Release|Any CPU
		{0B31DD07-2914-444B-9070-CB653BD9DB8F}.Debug|Any CPU.ActiveCfg = Debug|Any CPU
		{0B31DD07-2914-444B-9070-CB653BD9DB8F}.Debug|Any CPU.Build.0 = Debug|Any CPU
		{0B31DD07-2914-444B-9070-CB653BD9DB8F}.Release|Any CPU.ActiveCfg = Release|Any CPU
		{0B31DD07-2914-444B-9070-CB653BD9DB8F}.Release|Any CPU.Build.0 = Release|Any CPU
		{AE9343F5-A41F-465D-AC0B-E57E77C982A8}.Debug|Any CPU.ActiveCfg = Debug|Any CPU
		{AE9343F5-A41F-465D-AC0B-E57E77C982A8}.Debug|Any CPU.Build.0 = Debug|Any CPU
		{AE9343F5-A41F-465D-AC0B-E57E77C982A8}.Release|Any CPU.ActiveCfg = Release|Any CPU
		{AE9343F5-A41F-465D-AC0B-E57E77C982A8}.Release|Any CPU.Build.0 = Release|Any CPU
		{0A3E0A30-99D8-44C8-B701-B482CAFC6FEC}.Debug|Any CPU.ActiveCfg = Debug|Any CPU
		{0A3E0A30-99D8-44C8-B701-B482CAFC6FEC}.Debug|Any CPU.Build.0 = Debug|Any CPU
		{0A3E0A30-99D8-44C8-B701-B482CAFC6FEC}.Release|Any CPU.ActiveCfg = Release|Any CPU
		{0A3E0A30-99D8-44C8-B701-B482CAFC6FEC}.Release|Any CPU.Build.0 = Release|Any CPU
		{97E67C69-0489-4096-BEEF-E5A97CF236A3}.Debug|Any CPU.ActiveCfg = Debug|Any CPU
		{97E67C69-0489-4096-BEEF-E5A97CF236A3}.Debug|Any CPU.Build.0 = Debug|Any CPU
		{97E67C69-0489-4096-BEEF-E5A97CF236A3}.Release|Any CPU.ActiveCfg = Release|Any CPU
		{97E67C69-0489-4096-BEEF-E5A97CF236A3}.Release|Any CPU.Build.0 = Release|Any CPU
		{7332F584-20BA-4540-AD8B-11FE7ECA22A7}.Debug|Any CPU.ActiveCfg = Debug|Any CPU
		{7332F584-20BA-4540-AD8B-11FE7ECA22A7}.Debug|Any CPU.Build.0 = Debug|Any CPU
		{7332F584-20BA-4540-AD8B-11FE7ECA22A7}.Release|Any CPU.ActiveCfg = Release|Any CPU
		{7332F584-20BA-4540-AD8B-11FE7ECA22A7}.Release|Any CPU.Build.0 = Release|Any CPU
		{91758809-86AC-4656-99FF-D92A7C644C98}.Debug|Any CPU.ActiveCfg = Debug|Any CPU
		{91758809-86AC-4656-99FF-D92A7C644C98}.Debug|Any CPU.Build.0 = Debug|Any CPU
		{91758809-86AC-4656-99FF-D92A7C644C98}.Release|Any CPU.ActiveCfg = Release|Any CPU
		{91758809-86AC-4656-99FF-D92A7C644C98}.Release|Any CPU.Build.0 = Release|Any CPU
		{AAE0EBFC-94A6-47A2-A7E0-D75A2A52713A}.Debug|Any CPU.ActiveCfg = Debug|Any CPU
		{AAE0EBFC-94A6-47A2-A7E0-D75A2A52713A}.Debug|Any CPU.Build.0 = Debug|Any CPU
		{AAE0EBFC-94A6-47A2-A7E0-D75A2A52713A}.Release|Any CPU.ActiveCfg = Release|Any CPU
		{AAE0EBFC-94A6-47A2-A7E0-D75A2A52713A}.Release|Any CPU.Build.0 = Release|Any CPU
		{05D9A095-BA34-48AF-8BAD-557201FAB8BF}.Debug|Any CPU.ActiveCfg = Debug|Any CPU
		{05D9A095-BA34-48AF-8BAD-557201FAB8BF}.Debug|Any CPU.Build.0 = Debug|Any CPU
		{05D9A095-BA34-48AF-8BAD-557201FAB8BF}.Release|Any CPU.ActiveCfg = Release|Any CPU
		{05D9A095-BA34-48AF-8BAD-557201FAB8BF}.Release|Any CPU.Build.0 = Release|Any CPU
		{5F50E012-D1CE-4A12-A07F-34E350AB157F}.Debug|Any CPU.ActiveCfg = Debug|Any CPU
		{5F50E012-D1CE-4A12-A07F-34E350AB157F}.Debug|Any CPU.Build.0 = Debug|Any CPU
		{5F50E012-D1CE-4A12-A07F-34E350AB157F}.Release|Any CPU.ActiveCfg = Release|Any CPU
		{5F50E012-D1CE-4A12-A07F-34E350AB157F}.Release|Any CPU.Build.0 = Release|Any CPU
		{BCDA03EC-0B3F-4523-9B54-7BCD0266528E}.Debug|Any CPU.ActiveCfg = Debug|Any CPU
		{BCDA03EC-0B3F-4523-9B54-7BCD0266528E}.Debug|Any CPU.Build.0 = Debug|Any CPU
		{BCDA03EC-0B3F-4523-9B54-7BCD0266528E}.Release|Any CPU.ActiveCfg = Release|Any CPU
		{BCDA03EC-0B3F-4523-9B54-7BCD0266528E}.Release|Any CPU.Build.0 = Release|Any CPU
		{A18513B5-EE48-40B4-B940-BDF11324D133}.Debug|Any CPU.ActiveCfg = Debug|Any CPU
		{A18513B5-EE48-40B4-B940-BDF11324D133}.Debug|Any CPU.Build.0 = Debug|Any CPU
		{A18513B5-EE48-40B4-B940-BDF11324D133}.Release|Any CPU.ActiveCfg = Release|Any CPU
		{A18513B5-EE48-40B4-B940-BDF11324D133}.Release|Any CPU.Build.0 = Release|Any CPU
		{2C528904-9425-4764-8987-34769E99CBC8}.Debug|Any CPU.ActiveCfg = Debug|Any CPU
		{2C528904-9425-4764-8987-34769E99CBC8}.Debug|Any CPU.Build.0 = Debug|Any CPU
		{2C528904-9425-4764-8987-34769E99CBC8}.Release|Any CPU.ActiveCfg = Release|Any CPU
		{2C528904-9425-4764-8987-34769E99CBC8}.Release|Any CPU.Build.0 = Release|Any CPU
	EndGlobalSection
	GlobalSection(SolutionProperties) = preSolution
		HideSolutionNode = FALSE
	EndGlobalSection
	GlobalSection(NestedProjects) = preSolution
		{388A13CF-26EB-4C77-A681-E19FEB7EDC27} = {737BBA76-7380-48BD-820C-15A968742E05}
		{CED800A8-FA66-40C5-90AE-45E585827FB3} = {BD27985C-24B4-4232-B4C1-E11FBFE5F321}
		{93299601-F0FE-40EC-AD1B-2EA778359551} = {BD27985C-24B4-4232-B4C1-E11FBFE5F321}
		{EDDE3711-02CE-471F-AD47-AD0A8AFCCB9C} = {BD27985C-24B4-4232-B4C1-E11FBFE5F321}
		{5E9F8D94-EFDE-4CA8-B991-B168EEF01F8E} = {1DB2B5B3-DB11-4DC9-8104-7E7370BEECFF}
		{2024A02A-AC80-4E84-9D9D-55C4739AA47E} = {1DB2B5B3-DB11-4DC9-8104-7E7370BEECFF}
		{A129CEF5-CAA5-4022-AB77-EB4CE63E919F} = {1DB2B5B3-DB11-4DC9-8104-7E7370BEECFF}
		{0B31DD07-2914-444B-9070-CB653BD9DB8F} = {1DB2B5B3-DB11-4DC9-8104-7E7370BEECFF}
		{AE9343F5-A41F-465D-AC0B-E57E77C982A8} = {BD27985C-24B4-4232-B4C1-E11FBFE5F321}
		{0A3E0A30-99D8-44C8-B701-B482CAFC6FEC} = {63713B29-AFB2-4F17-A6DB-77BC4C0DB84B}
		{97E67C69-0489-4096-BEEF-E5A97CF236A3} = {03EE1C80-B17C-431A-B901-2A7328EA41D3}
		{7332F584-20BA-4540-AD8B-11FE7ECA22A7} = {03EE1C80-B17C-431A-B901-2A7328EA41D3}
		{91758809-86AC-4656-99FF-D92A7C644C98} = {03EE1C80-B17C-431A-B901-2A7328EA41D3}
		{AAE0EBFC-94A6-47A2-A7E0-D75A2A52713A} = {03EE1C80-B17C-431A-B901-2A7328EA41D3}
		{05D9A095-BA34-48AF-8BAD-557201FAB8BF} = {44CD8F45-BD64-4C8C-A303-3832D78EF219}
		{5F50E012-D1CE-4A12-A07F-34E350AB157F} = {44CD8F45-BD64-4C8C-A303-3832D78EF219}
		{BCDA03EC-0B3F-4523-9B54-7BCD0266528E} = {44CD8F45-BD64-4C8C-A303-3832D78EF219}
		{A18513B5-EE48-40B4-B940-BDF11324D133} = {44CD8F45-BD64-4C8C-A303-3832D78EF219}
		{2C528904-9425-4764-8987-34769E99CBC8} = {5BBE42E1-6796-45D4-A066-1A6ED81BE1A9}
	EndGlobalSection
	GlobalSection(ExtensibilityGlobals) = postSolution
		SolutionGuid = {D63B1EA0-EB2E-482A-9B00-FBE994BEE91E}
	EndGlobalSection
EndGlobal
